
Microsoft Visual Studio Solution File, Format Version 12.00
Project("{2150E333-8FDC-42A3-9474-1A3956D46DE8}") = "Domain", "Domain", "{AF56BA3B-6B81-4875-ABBA-020D21AA4020}"
EndProject
Project("{2150E333-8FDC-42A3-9474-1A3956D46DE8}") = "Infra.Bus", "Infra.Bus", "{8C2A6B55-CAF9-4839-961F-0D708FAC6575}"
EndProject
Project("{2150E333-8FDC-42A3-9474-1A3956D46DE8}") = "Infra.IoC", "Infra.IoC", "{6C5B41B8-224E-4BC4-A9E9-24CA880E929E}"
EndProject
Project("{2150E333-8FDC-42A3-9474-1A3956D46DE8}") = "Presentation", "Presentation", "{2D5A2208-6C10-4667-B614-631EFAE61233}"
EndProject
Project("{FAE04EC0-301F-11D3-BF4B-00C04F79EFBC}") = "MicroRabbit.Domain.Core", "MicroRabbit.Domain.Core\MicroRabbit.Domain.Core.csproj", "{DE134DFA-BF47-47B7-9787-B8628948BF95}"
EndProject
Project("{FAE04EC0-301F-11D3-BF4B-00C04F79EFBC}") = "MicroRabbit.Infra.Bus", "MicroRabbit.Infra.Bus\MicroRabbit.Infra.Bus.csproj", "{FB577D4D-BA6A-4F96-ADA1-7FCEC6DF9095}"
EndProject
Project("{FAE04EC0-301F-11D3-BF4B-00C04F79EFBC}") = "MicroRabbit.Infra.IoC", "MicroRabbit.Infra.IoC\MicroRabbit.Infra.IoC.csproj", "{7417EC40-A261-4D1C-9586-2C77530DA217}"
EndProject
Project("{2150E333-8FDC-42A3-9474-1A3956D46DE8}") = "Services", "Services", "{DD86A842-8E92-4BA2-89E6-DDCF0DC2D61A}"
EndProject
Project("{2150E333-8FDC-42A3-9474-1A3956D46DE8}") = "Banking", "Banking", "{9E5BFD5D-94A9-4C54-9D84-2BF96ED61B1F}"
EndProject
Project("{2150E333-8FDC-42A3-9474-1A3956D46DE8}") = "Api", "Api", "{C8679A3D-F55D-467C-98F4-F524AFEB77E9}"
EndProject
Project("{2150E333-8FDC-42A3-9474-1A3956D46DE8}") = "Domain", "Domain", "{D2C98E61-64CD-458E-8D52-7E0CBCAE6A7D}"
EndProject
Project("{2150E333-8FDC-42A3-9474-1A3956D46DE8}") = "Data", "Data", "{B204A89A-5252-45AD-B9AA-4A4888973075}"
EndProject
Project("{FAE04EC0-301F-11D3-BF4B-00C04F79EFBC}") = "MicroRabbit.Banking.Api", "MicroRabbit.Banking.Api\MicroRabbit.Banking.Api.csproj", "{CDA3FFE9-42B2-41F1-94FB-D6880FAE9A14}"
EndProject
Project("{2150E333-8FDC-42A3-9474-1A3956D46DE8}") = "Application", "Application", "{B99483B1-9777-4179-9BEB-AFC2BB01665D}"
EndProject
Project("{FAE04EC0-301F-11D3-BF4B-00C04F79EFBC}") = "MicroRabbit.Banking.Application", "MicroRabbit.Banking.Application\MicroRabbit.Banking.Application.csproj", "{E6AE5E2A-85A4-4F03-BC18-2E90BBF584D4}"
EndProject
Project("{FAE04EC0-301F-11D3-BF4B-00C04F79EFBC}") = "MicroRabbit.Banking.Data", "MicroRabbit.Banking.Data\MicroRabbit.Banking.Data.csproj", "{8FD9091A-A27A-438F-90BD-1300201A17CF}"
EndProject
Project("{FAE04EC0-301F-11D3-BF4B-00C04F79EFBC}") = "MicroRabbit.Banking.Domain", "MicroRabbit.Banking.Domain\MicroRabbit.Banking.Domain.csproj", "{27CEA7C9-F23B-422F-9719-6D01D6E8BC49}"
EndProject
Global
	GlobalSection(SolutionConfigurationPlatforms) = preSolution
		Debug|Any CPU = Debug|Any CPU
		Release|Any CPU = Release|Any CPU
	EndGlobalSection
	GlobalSection(ProjectConfigurationPlatforms) = postSolution
		{DE134DFA-BF47-47B7-9787-B8628948BF95}.Debug|Any CPU.ActiveCfg = Debug|Any CPU
		{DE134DFA-BF47-47B7-9787-B8628948BF95}.Debug|Any CPU.Build.0 = Debug|Any CPU
		{DE134DFA-BF47-47B7-9787-B8628948BF95}.Release|Any CPU.ActiveCfg = Release|Any CPU
		{DE134DFA-BF47-47B7-9787-B8628948BF95}.Release|Any CPU.Build.0 = Release|Any CPU
		{FB577D4D-BA6A-4F96-ADA1-7FCEC6DF9095}.Debug|Any CPU.ActiveCfg = Debug|Any CPU
		{FB577D4D-BA6A-4F96-ADA1-7FCEC6DF9095}.Debug|Any CPU.Build.0 = Debug|Any CPU
		{FB577D4D-BA6A-4F96-ADA1-7FCEC6DF9095}.Release|Any CPU.ActiveCfg = Release|Any CPU
		{FB577D4D-BA6A-4F96-ADA1-7FCEC6DF9095}.Release|Any CPU.Build.0 = Release|Any CPU
		{7417EC40-A261-4D1C-9586-2C77530DA217}.Debug|Any CPU.ActiveCfg = Debug|Any CPU
		{7417EC40-A261-4D1C-9586-2C77530DA217}.Debug|Any CPU.Build.0 = Debug|Any CPU
		{7417EC40-A261-4D1C-9586-2C77530DA217}.Release|Any CPU.ActiveCfg = Release|Any CPU
		{7417EC40-A261-4D1C-9586-2C77530DA217}.Release|Any CPU.Build.0 = Release|Any CPU
		{CDA3FFE9-42B2-41F1-94FB-D6880FAE9A14}.Debug|Any CPU.ActiveCfg = Debug|Any CPU
		{CDA3FFE9-42B2-41F1-94FB-D6880FAE9A14}.Debug|Any CPU.Build.0 = Debug|Any CPU
		{CDA3FFE9-42B2-41F1-94FB-D6880FAE9A14}.Release|Any CPU.ActiveCfg = Release|Any CPU
		{CDA3FFE9-42B2-41F1-94FB-D6880FAE9A14}.Release|Any CPU.Build.0 = Release|Any CPU
		{E6AE5E2A-85A4-4F03-BC18-2E90BBF584D4}.Debug|Any CPU.ActiveCfg = Debug|Any CPU
		{E6AE5E2A-85A4-4F03-BC18-2E90BBF584D4}.Debug|Any CPU.Build.0 = Debug|Any CPU
		{E6AE5E2A-85A4-4F03-BC18-2E90BBF584D4}.Release|Any CPU.ActiveCfg = Release|Any CPU
		{E6AE5E2A-85A4-4F03-BC18-2E90BBF584D4}.Release|Any CPU.Build.0 = Release|Any CPU
		{8FD9091A-A27A-438F-90BD-1300201A17CF}.Debug|Any CPU.ActiveCfg = Debug|Any CPU
		{8FD9091A-A27A-438F-90BD-1300201A17CF}.Debug|Any CPU.Build.0 = Debug|Any CPU
		{8FD9091A-A27A-438F-90BD-1300201A17CF}.Release|Any CPU.ActiveCfg = Release|Any CPU
		{8FD9091A-A27A-438F-90BD-1300201A17CF}.Release|Any CPU.Build.0 = Release|Any CPU
		{27CEA7C9-F23B-422F-9719-6D01D6E8BC49}.Debug|Any CPU.ActiveCfg = Debug|Any CPU
		{27CEA7C9-F23B-422F-9719-6D01D6E8BC49}.Debug|Any CPU.Build.0 = Debug|Any CPU
		{27CEA7C9-F23B-422F-9719-6D01D6E8BC49}.Release|Any CPU.ActiveCfg = Release|Any CPU
		{27CEA7C9-F23B-422F-9719-6D01D6E8BC49}.Release|Any CPU.Build.0 = Release|Any CPU
	EndGlobalSection
	GlobalSection(NestedProjects) = preSolution
		{DE134DFA-BF47-47B7-9787-B8628948BF95} = {AF56BA3B-6B81-4875-ABBA-020D21AA4020}
		{FB577D4D-BA6A-4F96-ADA1-7FCEC6DF9095} = {8C2A6B55-CAF9-4839-961F-0D708FAC6575}
		{7417EC40-A261-4D1C-9586-2C77530DA217} = {6C5B41B8-224E-4BC4-A9E9-24CA880E929E}
		{9E5BFD5D-94A9-4C54-9D84-2BF96ED61B1F} = {DD86A842-8E92-4BA2-89E6-DDCF0DC2D61A}
		{C8679A3D-F55D-467C-98F4-F524AFEB77E9} = {9E5BFD5D-94A9-4C54-9D84-2BF96ED61B1F}
		{D2C98E61-64CD-458E-8D52-7E0CBCAE6A7D} = {9E5BFD5D-94A9-4C54-9D84-2BF96ED61B1F}
		{B204A89A-5252-45AD-B9AA-4A4888973075} = {9E5BFD5D-94A9-4C54-9D84-2BF96ED61B1F}
		{CDA3FFE9-42B2-41F1-94FB-D6880FAE9A14} = {C8679A3D-F55D-467C-98F4-F524AFEB77E9}
		{B99483B1-9777-4179-9BEB-AFC2BB01665D} = {9E5BFD5D-94A9-4C54-9D84-2BF96ED61B1F}
		{E6AE5E2A-85A4-4F03-BC18-2E90BBF584D4} = {B99483B1-9777-4179-9BEB-AFC2BB01665D}
		{8FD9091A-A27A-438F-90BD-1300201A17CF} = {B204A89A-5252-45AD-B9AA-4A4888973075}
		{27CEA7C9-F23B-422F-9719-6D01D6E8BC49} = {D2C98E61-64CD-458E-8D52-7E0CBCAE6A7D}
	EndGlobalSection
EndGlobal
